// !$*UTF8*$!
{
	archiveVersion = 1;
	classes = {
	};
	objectVersion = 46;
	objects = {

/* Begin PBXBuildFile section */
		D2DC03CF1D5C87A10072C316 /* AppDelegate.swift in Sources */ = {isa = PBXBuildFile; fileRef = D2DC03CE1D5C87A10072C316 /* AppDelegate.swift */; };
		D2DC03D11D5C87A10072C316 /* ViewController.swift in Sources */ = {isa = PBXBuildFile; fileRef = D2DC03D01D5C87A10072C316 /* ViewController.swift */; };
		D2DC03D41D5C87A10072C316 /* Main.storyboard in Resources */ = {isa = PBXBuildFile; fileRef = D2DC03D21D5C87A10072C316 /* Main.storyboard */; };
		D2DC03D61D5C87A10072C316 /* Assets.xcassets in Resources */ = {isa = PBXBuildFile; fileRef = D2DC03D51D5C87A10072C316 /* Assets.xcassets */; };
		D2DC03D91D5C87A10072C316 /* LaunchScreen.storyboard in Resources */ = {isa = PBXBuildFile; fileRef = D2DC03D71D5C87A10072C316 /* LaunchScreen.storyboard */; };
		D2DC03E11D5C9F620072C316 /* TextFieldExtension.swift in Sources */ = {isa = PBXBuildFile; fileRef = D2DC03E01D5C9F620072C316 /* TextFieldExtension.swift */; };
		D2DC04011D5DEB9B0072C316 /* Meme.swift in Sources */ = {isa = PBXBuildFile; fileRef = D2DC04001D5DEB9B0072C316 /* Meme.swift */; };
		D2DC04041D5DF42B0072C316 /* TopMemeTextFieldDelegate.swift in Sources */ = {isa = PBXBuildFile; fileRef = D2DC04031D5DF42B0072C316 /* TopMemeTextFieldDelegate.swift */; };
		D2DC04061D5DF43C0072C316 /* BottomMemeTextFieldDelegate.swift in Sources */ = {isa = PBXBuildFile; fileRef = D2DC04051D5DF43C0072C316 /* BottomMemeTextFieldDelegate.swift */; };
/* End PBXBuildFile section */

/* Begin PBXFileReference section */
		D2DC03CB1D5C87A10072C316 /* MemeMe.app */ = {isa = PBXFileReference; explicitFileType = wrapper.application; includeInIndex = 0; path = MemeMe.app; sourceTree = BUILT_PRODUCTS_DIR; };
		D2DC03CE1D5C87A10072C316 /* AppDelegate.swift */ = {isa = PBXFileReference; lastKnownFileType = sourcecode.swift; path = AppDelegate.swift; sourceTree = "<group>"; };
		D2DC03D01D5C87A10072C316 /* ViewController.swift */ = {isa = PBXFileReference; lastKnownFileType = sourcecode.swift; path = ViewController.swift; sourceTree = "<group>"; };
		D2DC03D31D5C87A10072C316 /* Base */ = {isa = PBXFileReference; lastKnownFileType = file.storyboard; name = Base; path = Base.lproj/Main.storyboard; sourceTree = "<group>"; };
		D2DC03D51D5C87A10072C316 /* Assets.xcassets */ = {isa = PBXFileReference; lastKnownFileType = folder.assetcatalog; path = Assets.xcassets; sourceTree = "<group>"; };
		D2DC03D81D5C87A10072C316 /* Base */ = {isa = PBXFileReference; lastKnownFileType = file.storyboard; name = Base; path = Base.lproj/LaunchScreen.storyboard; sourceTree = "<group>"; };
		D2DC03DA1D5C87A10072C316 /* Info.plist */ = {isa = PBXFileReference; lastKnownFileType = text.plist.xml; path = Info.plist; sourceTree = "<group>"; };
		D2DC03E01D5C9F620072C316 /* TextFieldExtension.swift */ = {isa = PBXFileReference; fileEncoding = 4; lastKnownFileType = sourcecode.swift; path = TextFieldExtension.swift; sourceTree = "<group>"; };
		D2DC04001D5DEB9B0072C316 /* Meme.swift */ = {isa = PBXFileReference; fileEncoding = 4; lastKnownFileType = sourcecode.swift; path = Meme.swift; sourceTree = "<group>"; };
		D2DC04031D5DF42B0072C316 /* TopMemeTextFieldDelegate.swift */ = {isa = PBXFileReference; fileEncoding = 4; lastKnownFileType = sourcecode.swift; path = TopMemeTextFieldDelegate.swift; sourceTree = "<group>"; };
		D2DC04051D5DF43C0072C316 /* BottomMemeTextFieldDelegate.swift */ = {isa = PBXFileReference; fileEncoding = 4; lastKnownFileType = sourcecode.swift; path = BottomMemeTextFieldDelegate.swift; sourceTree = "<group>"; };
/* End PBXFileReference section */

/* Begin PBXFrameworksBuildPhase section */
		D2DC03C81D5C87A10072C316 /* Frameworks */ = {
			isa = PBXFrameworksBuildPhase;
			buildActionMask = 2147483647;
			files = (
			);
			runOnlyForDeploymentPostprocessing = 0;
		};
/* End PBXFrameworksBuildPhase section */

/* Begin PBXGroup section */
		D2DC03C21D5C87A10072C316 = {
			isa = PBXGroup;
			children = (
				D2DC03CD1D5C87A10072C316 /* MemeMe */,
				D2DC03CC1D5C87A10072C316 /* Products */,
			);
			sourceTree = "<group>";
		};
		D2DC03CC1D5C87A10072C316 /* Products */ = {
			isa = PBXGroup;
			children = (
				D2DC03CB1D5C87A10072C316 /* MemeMe.app */,
			);
			name = Products;
			sourceTree = "<group>";
		};
		D2DC03CD1D5C87A10072C316 /* MemeMe */ = {
			isa = PBXGroup;
			children = (
				D2DC04021D5DF3F90072C316 /* Text Field Delegates */,
				D2DC03CE1D5C87A10072C316 /* AppDelegate.swift */,
				D2DC03D01D5C87A10072C316 /* ViewController.swift */,
				D2DC03E01D5C9F620072C316 /* TextFieldExtension.swift */,
				D2DC04001D5DEB9B0072C316 /* Meme.swift */,
				D2DC03D21D5C87A10072C316 /* Main.storyboard */,
				D2DC03D51D5C87A10072C316 /* Assets.xcassets */,
				D2DC03D71D5C87A10072C316 /* LaunchScreen.storyboard */,
				D2DC03DA1D5C87A10072C316 /* Info.plist */,
			);
			path = MemeMe;
			sourceTree = "<group>";
		};
		D2DC04021D5DF3F90072C316 /* Text Field Delegates */ = {
			isa = PBXGroup;
			children = (
				D2DC04031D5DF42B0072C316 /* TopMemeTextFieldDelegate.swift */,
				D2DC04051D5DF43C0072C316 /* BottomMemeTextFieldDelegate.swift */,
			);
			name = "Text Field Delegates";
			sourceTree = "<group>";
		};
/* End PBXGroup section */

/* Begin PBXNativeTarget section */
		D2DC03CA1D5C87A10072C316 /* MemeMe */ = {
			isa = PBXNativeTarget;
			buildConfigurationList = D2DC03DD1D5C87A10072C316 /* Build configuration list for PBXNativeTarget "MemeMe" */;
			buildPhases = (
				D2DC03C71D5C87A10072C316 /* Sources */,
				D2DC03C81D5C87A10072C316 /* Frameworks */,
				D2DC03C91D5C87A10072C316 /* Resources */,
			);
			buildRules = (
			);
			dependencies = (
			);
			name = MemeMe;
			productName = MemeMe;
			productReference = D2DC03CB1D5C87A10072C316 /* MemeMe.app */;
			productType = "com.apple.product-type.application";
		};
/* End PBXNativeTarget section */

/* Begin PBXProject section */
		D2DC03C31D5C87A10072C316 /* Project object */ = {
			isa = PBXProject;
			attributes = {
				LastSwiftUpdateCheck = 0730;
				LastUpgradeCheck = 0730;
				ORGANIZATIONNAME = "Tobias Helmrich";
				TargetAttributes = {
					D2DC03CA1D5C87A10072C316 = {
						CreatedOnToolsVersion = 7.3.1;
						DevelopmentTeam = QT2SGLRBWW;
					};
				};
			};
			buildConfigurationList = D2DC03C61D5C87A10072C316 /* Build configuration list for PBXProject "MemeMe" */;
			compatibilityVersion = "Xcode 3.2";
			developmentRegion = English;
			hasScannedForEncodings = 0;
			knownRegions = (
				en,
				Base,
			);
			mainGroup = D2DC03C21D5C87A10072C316;
			productRefGroup = D2DC03CC1D5C87A10072C316 /* Products */;
			projectDirPath = "";
			projectRoot = "";
			targets = (
				D2DC03CA1D5C87A10072C316 /* MemeMe */,
			);
		};
/* End PBXProject section */

/* Begin PBXResourcesBuildPhase section */
		D2DC03C91D5C87A10072C316 /* Resources */ = {
			isa = PBXResourcesBuildPhase;
			buildActionMask = 2147483647;
			files = (
				D2DC03D91D5C87A10072C316 /* LaunchScreen.storyboard in Resources */,
				D2DC03D61D5C87A10072C316 /* Assets.xcassets in Resources */,
				D2DC03D41D5C87A10072C316 /* Main.storyboard in Resources */,
			);
			runOnlyForDeploymentPostprocessing = 0;
		};
/* End PBXResourcesBuildPhase section */

/* Begin PBXSourcesBuildPhase section */
		D2DC03C71D5C87A10072C316 /* Sources */ = {
			isa = PBXSourcesBuildPhase;
			buildActionMask = 2147483647;
			files = (
				D2DC03E11D5C9F620072C316 /* TextFieldExtension.swift in Sources */,
				D2DC04061D5DF43C0072C316 /* BottomMemeTextFieldDelegate.swift in Sources */,
				D2DC04011D5DEB9B0072C316 /* Meme.swift in Sources */,
				D2DC04041D5DF42B0072C316 /* TopMemeTextFieldDelegate.swift in Sources */,
				D2DC03D11D5C87A10072C316 /* ViewController.swift in Sources */,
				D2DC03CF1D5C87A10072C316 /* AppDelegate.swift in Sources */,
			);
			runOnlyForDeploymentPostprocessing = 0;
		};
/* End PBXSourcesBuildPhase section */

/* Begin PBXVariantGroup section */
		D2DC03D21D5C87A10072C316 /* Main.storyboard */ = {
			isa = PBXVariantGroup;
			children = (
				D2DC03D31D5C87A10072C316 /* Base */,
			);
			name = Main.storyboard;
			sourceTree = "<group>";
		};
		D2DC03D71D5C87A10072C316 /* LaunchScreen.storyboard */ = {
			isa = PBXVariantGroup;
			children = (
				D2DC03D81D5C87A10072C316 /* Base */,
			);
			name = LaunchScreen.storyboard;
			sourceTree = "<group>";
		};
/* End PBXVariantGroup section */

/* Begin XCBuildConfiguration section */
		D2DC03DB1D5C87A10072C316 /* Debug */ = {
			isa = XCBuildConfiguration;
			buildSettings = {
				ALWAYS_SEARCH_USER_PATHS = NO;
				CLANG_ANALYZER_NONNULL = YES;
				CLANG_CXX_LANGUAGE_STANDARD = "gnu++0x";
				CLANG_CXX_LIBRARY = "libc++";
				CLANG_ENABLE_MODULES = YES;
				CLANG_ENABLE_OBJC_ARC = YES;
				CLANG_WARN_BOOL_CONVERSION = YES;
				CLANG_WARN_CONSTANT_CONVERSION = YES;
				CLANG_WARN_DIRECT_OBJC_ISA_USAGE = YES_ERROR;
				CLANG_WARN_EMPTY_BODY = YES;
				CLANG_WARN_ENUM_CONVERSION = YES;
				CLANG_WARN_INT_CONVERSION = YES;
				CLANG_WARN_OBJC_ROOT_CLASS = YES_ERROR;
				CLANG_WARN_UNREACHABLE_CODE = YES;
				CLANG_WARN__DUPLICATE_METHOD_MATCH = YES;
				"CODE_SIGN_IDENTITY[sdk=iphoneos*]" = "iPhone Developer";
				COPY_PHASE_STRIP = NO;
				DEBUG_INFORMATION_FORMAT = dwarf;
				ENABLE_STRICT_OBJC_MSGSEND = YES;
				ENABLE_TESTABILITY = YES;
				GCC_C_LANGUAGE_STANDARD = gnu99;
				GCC_DYNAMIC_NO_PIC = NO;
				GCC_NO_COMMON_BLOCKS = YES;
				GCC_OPTIMIZATION_LEVEL = 0;
				GCC_PREPROCESSOR_DEFINITIONS = (
					"DEBUG=1",
					"$(inherited)",
				);
				GCC_WARN_64_TO_32_BIT_CONVERSION = YES;
				GCC_WARN_ABOUT_RETURN_TYPE = YES_ERROR;
				GCC_WARN_UNDECLARED_SELECTOR = YES;
				GCC_WARN_UNINITIALIZED_AUTOS = YES_AGGRESSIVE;
				GCC_WARN_UNUSED_FUNCTION = YES;
				GCC_WARN_UNUSED_VARIABLE = YES;
				IPHONEOS_DEPLOYMENT_TARGET = 9.3;
				MTL_ENABLE_DEBUG_INFO = YES;
				ONLY_ACTIVE_ARCH = YES;
				SDKROOT = iphoneos;
				SWIFT_OPTIMIZATION_LEVEL = "-Onone";
				TARGETED_DEVICE_FAMILY = "1,2";
			};
			name = Debug;
		};
		D2DC03DC1D5C87A10072C316 /* Release */ = {
			isa = XCBuildConfiguration;
			buildSettings = {
				ALWAYS_SEARCH_USER_PATHS = NO;
				CLANG_ANALYZER_NONNULL = YES;
				CLANG_CXX_LANGUAGE_STANDARD = "gnu++0x";
				CLANG_CXX_LIBRARY = "libc++";
				CLANG_ENABLE_MODULES = YES;
				CLANG_ENABLE_OBJC_ARC = YES;
				CLANG_WARN_BOOL_CONVERSION = YES;
				CLANG_WARN_CONSTANT_CONVERSION = YES;
				CLANG_WARN_DIRECT_OBJC_ISA_USAGE = YES_ERROR;
				CLANG_WARN_EMPTY_BODY = YES;
				CLANG_WARN_ENUM_CONVERSION = YES;
				CLANG_WARN_INT_CONVERSION = YES;
				CLANG_WARN_OBJC_ROOT_CLASS = YES_ERROR;
				CLANG_WARN_UNREACHABLE_CODE = YES;
				CLANG_WARN__DUPLICATE_METHOD_MATCH = YES;
				"CODE_SIGN_IDENTITY[sdk=iphoneos*]" = "iPhone Developer";
				COPY_PHASE_STRIP = NO;
				DEBUG_INFORMATION_FORMAT = "dwarf-with-dsym";
				ENABLE_NS_ASSERTIONS = NO;
				ENABLE_STRICT_OBJC_MSGSEND = YES;
				GCC_C_LANGUAGE_STANDARD = gnu99;
				GCC_NO_COMMON_BLOCKS = YES;
				GCC_WARN_64_TO_32_BIT_CONVERSION = YES;
				GCC_WARN_ABOUT_RETURN_TYPE = YES_ERROR;
				GCC_WARN_UNDECLARED_SELECTOR = YES;
				GCC_WARN_UNINITIALIZED_AUTOS = YES_AGGRESSIVE;
				GCC_WARN_UNUSED_FUNCTION = YES;
				GCC_WARN_UNUSED_VARIABLE = YES;
				IPHONEOS_DEPLOYMENT_TARGET = 9.3;
				MTL_ENABLE_DEBUG_INFO = NO;
				SDKROOT = iphoneos;
				TARGETED_DEVICE_FAMILY = "1,2";
				VALIDATE_PRODUCT = YES;
			};
			name = Release;
		};
		D2DC03DE1D5C87A10072C316 /* Debug */ = {
			isa = XCBuildConfiguration;
			buildSettings = {
				ASSETCATALOG_COMPILER_APPICON_NAME = AppIcon;
				INFOPLIST_FILE = MemeMe/Info.plist;
				LD_RUNPATH_SEARCH_PATHS = "$(inherited) @executable_path/Frameworks";
				PRODUCT_BUNDLE_IDENTIFIER = "de.tobias-helmrich.MemeMe";
				PRODUCT_NAME = "$(TARGET_NAME)";
			};
			name = Debug;
		};
		D2DC03DF1D5C87A10072C316 /* Release */ = {
			isa = XCBuildConfiguration;
			buildSettings = {
				ASSETCATALOG_COMPILER_APPICON_NAME = AppIcon;
				INFOPLIST_FILE = MemeMe/Info.plist;
				LD_RUNPATH_SEARCH_PATHS = "$(inherited) @executable_path/Frameworks";
				PRODUCT_BUNDLE_IDENTIFIER = "de.tobias-helmrich.MemeMe";
				PRODUCT_NAME = "$(TARGET_NAME)";
			};
			name = Release;
		};
/* End XCBuildConfiguration section */

/* Begin XCConfigurationList section */
		D2DC03C61D5C87A10072C316 /* Build configuration list for PBXProject "MemeMe" */ = {
			isa = XCConfigurationList;
			buildConfigurations = (
				D2DC03DB1D5C87A10072C316 /* Debug */,
				D2DC03DC1D5C87A10072C316 /* Release */,
			);
			defaultConfigurationIsVisible = 0;
			defaultConfigurationName = Release;
		};
		D2DC03DD1D5C87A10072C316 /* Build configuration list for PBXNativeTarget "MemeMe" */ = {
			isa = XCConfigurationList;
			buildConfigurations = (
				D2DC03DE1D5C87A10072C316 /* Debug */,
				D2DC03DF1D5C87A10072C316 /* Release */,
			);
			defaultConfigurationIsVisible = 0;
		};
/* End XCConfigurationList section */
	};
	rootObject = D2DC03C31D5C87A10072C316 /* Project object */;
}
